{
  "version": 4,
  "terraform_version": "1.3.1",
  "serial": 40,
  "lineage": "6a9cf6bf-2bfe-f91e-c321-9a5560c37c73",
  "outputs": {},
  "resources": [
    {
      "mode": "managed",
      "type": "local_file",
      "name": "create-hostname-file",
      "provider": "provider[\"registry.terraform.io/hashicorp/local\"]",
      "instances": [
        {
          "index_key": 0,
          "schema_version": 0,
          "attributes": {
            "content": "agent-1\n",
            "content_base64": null,
            "directory_permission": "0777",
            "file_permission": "0777",
            "filename": "/Users/sherylrose/dev/github.com/terraform/hostname.1",
            "id": "4f9019b3ba9ede1f463a46766c7915a6c0445600",
            "sensitive_content": null,
            "source": null
          },
          "sensitive_attributes": [],
          "private": "bnVsbA==",
          "dependencies": [
            "proxmox_vm_qemu.cloudinit-centos"
          ]
        }
      ]
    },
    {
      "mode": "managed",
      "type": "proxmox_vm_qemu",
      "name": "cloudinit-centos",
      "provider": "provider[\"registry.terraform.io/telmate/proxmox\"]",
      "instances": [
        {
          "index_key": 0,
          "schema_version": 0,
          "attributes": {
            "additional_wait": 0,
            "agent": 1,
            "args": "",
            "automatic_reboot": true,
            "balloon": 0,
            "bios": "seabios",
            "boot": "c",
            "bootdisk": "scsi0",
            "bridge": "",
            "ci_wait": null,
            "cicustom": "",
            "cipassword": "",
            "ciuser": "",
            "clone": "centos",
            "clone_wait": 0,
            "cloudinit_cdrom_storage": null,
            "cores": 4,
            "cpu": "host",
            "default_ipv4_address": "192.168.2.151",
            "define_connection_info": true,
            "desc": "",
            "disk": [
              {
                "aio": "",
                "backup": 0,
                "cache": "none",
                "discard": "on",
                "file": "vm-501-disk-0",
                "format": "raw",
                "iops": 0,
                "iops_max": 0,
                "iops_max_length": 0,
                "iops_rd": 0,
                "iops_rd_max": 0,
                "iops_rd_max_length": 0,
                "iops_wr": 0,
                "iops_wr_max": 0,
                "iops_wr_max_length": 0,
                "iothread": 1,
                "mbps": 0,
                "mbps_rd": 0,
                "mbps_rd_max": 0,
                "mbps_wr": 0,
                "mbps_wr_max": 0,
                "media": "",
                "replicate": 0,
                "size": "10G",
                "slot": 0,
                "ssd": 1,
                "storage": "pve-ssd",
                "storage_type": "zfspool",
                "type": "scsi",
                "volume": "pve-ssd:vm-501-disk-0"
              }
            ],
            "disk_gb": 0,
            "force_create": false,
            "force_recreate_on_change_of": null,
            "full_clone": true,
            "guest_agent_ready_timeout": 100,
            "hagroup": "",
            "hastate": "",
            "hotplug": "network,disk,usb",
            "id": "homelab/qemu/501",
            "ipconfig0": "ip=192.168.2.151/24,gw=192.168.2.1",
            "ipconfig1": "",
            "ipconfig2": "",
            "ipconfig3": "",
            "ipconfig4": "",
            "ipconfig5": "",
            "iso": null,
            "kvm": true,
            "mac": "",
            "memory": 2048,
            "name": "agent-1",
            "nameserver": "",
            "network": [
              {
                "bridge": "vmbr0",
                "firewall": false,
                "link_down": false,
                "macaddr": "3A:E2:BF:3D:D9:CA",
                "model": "virtio",
                "mtu": 0,
                "queues": 0,
                "rate": 0,
                "tag": -1
              }
            ],
            "nic": "",
            "numa": false,
            "onboot": false,
            "oncreate": true,
            "os_network_config": null,
            "os_type": "cloud-init",
            "pool": "",
            "preprovision": true,
            "pxe": null,
            "qemu_os": "other",
            "reboot_required": false,
            "scsihw": "virtio-scsi-pci",
            "searchdomain": "",
            "serial": [],
            "sockets": 1,
            "ssh_forward_ip": null,
            "ssh_host": "192.168.2.151",
            "ssh_port": "22",
            "ssh_private_key": null,
            "ssh_user": null,
            "sshkeys": "ssh-rsa AAAAB3NzaC1yc2EAAAADAQABAAABgQC6jQt2h2sOr5Q2v+2P4+4Fmf3IeILavNT3ihltZWW+XD+IeIpX6MaUe7EzzqpvAaLhVU+z+rRZO+EteoOGWTrAmcF+RKnkJAWeNnEeDitrshepffkB7Bw20XKiQi7B7UeXJipwhsJnQAZjoITx7VtylS+j/ruYJSRaq7gOxUPMlvJRc1W4kPmQ3D/EyvSrlkglngs2aP0D/Wl+sQW2S9XxucjQPloJugBQkjdQrDW67SukpOjWN+04iXlYsDvN/XFwOabqc7ZeuaD//TUkd/G6l9n/9yjtnLO8Z883BT6NNXc35r4fybzNsT1rQ4q9Xg+wahtHzH3PtZUGBzLEadN/hwNKkblWdaCdhx4fxqD8HAy24xgUuCFpvz2QBkHqFBTB/NU3sEsnrUED2EE3QrVXXxb6MUXzp2/+M6JhgkWfni6Ua+o7L2EMQ4MSGcSWbTnijiEtjRPbQrgRnpjq/rny8rzhEpt9OMLRnI+H9E00S+NO18vcP2fcj7QF+RKYdnE= ap@DESKTOP-NIL7Q34\n",
            "startup": "",
            "storage": "",
            "storage_type": "",
            "tablet": true,
            "tags": "",
            "target_node": "homelab",
            "timeouts": null,
            "unused_disk": [],
            "usb": [],
            "vcpus": 0,
            "vga": [],
            "vlan": -1,
            "vmid": 501
          },
          "sensitive_attributes": [],
          "private": "eyJlMmJmYjczMC1lY2FhLTExZTYtOGY4OC0zNDM2M2JjN2M0YzAiOnsiY3JlYXRlIjozMDAwMDAwMDAwMDAsImRlZmF1bHQiOjMwMDAwMDAwMDAwMCwiZGVsZXRlIjoxODAwMDAwMDAwMDAsInJlYWQiOjE4MDAwMDAwMDAwMCwidXBkYXRlIjoxODAwMDAwMDAwMDB9fQ=="
        }
      ]
    }
  ],
  "check_results": []
}
